
Microsoft Visual Studio Solution File, Format Version 12.00
# Visual Studio Version 17
VisualStudioVersion = 17.10.34916.146
MinimumVisualStudioVersion = 10.0.40219.1
Project("{FAE04EC0-301F-11D3-BF4B-00C04F79EFBC}") = "ITHelpDesk.Web", "ITHelpDesk.Web\ITHelpDesk.Web.csproj", "{DFC47482-5D7E-43E6-B7DC-B2570028447D}"
EndProject
Global
	GlobalSection(SolutionConfigurationPlatforms) = preSolution
		Debug|Any CPU = Debug|Any CPU
		Release|Any CPU = Release|Any CPU
	EndGlobalSection
	GlobalSection(ProjectConfigurationPlatforms) = postSolution
		{DFC47482-5D7E-43E6-B7DC-B2570028447D}.Debug|Any CPU.ActiveCfg = Debug|Any CPU
		{DFC47482-5D7E-43E6-B7DC-B2570028447D}.Debug|Any CPU.Build.0 = Debug|Any CPU
		{DFC47482-5D7E-43E6-B7DC-B2570028447D}.Release|Any CPU.ActiveCfg = Release|Any CPU
		{DFC47482-5D7E-43E6-B7DC-B2570028447D}.Release|Any CPU.Build.0 = Release|Any CPU
	EndGlobalSection
	GlobalSection(SolutionProperties) = preSolution
		HideSolutionNode = FALSE
	EndGlobalSection
	GlobalSection(ExtensibilityGlobals) = postSolution
		SolutionGuid = {97BC3262-2492-4736-9D41-A5C5B5433A09}
	EndGlobalSection
EndGlobal
